<?xml version="1.0" encoding="utf-8"?>

<!--
 
  (C) 2021 Cadence Design Systems, Inc. All rights reserved worldwide.
 
  This file is not supported by Cadence Design Systems, Inc.
  It is provided freely for demonstration purposes only.
  SEE THE WARRANTY DISCLAIMER AT THE BOTTOM OF THIS FILE.
 
-->

<Project ToolsVersion="4.0" xmlns="http://schemas.microsoft.com/developer/msbuild/2003">
  <ItemGroup>
    <Filter Include="Source Files">
      <UniqueIdentifier>{4FC737F1-C7A5-4376-A066-2A32D752A2FF}</UniqueIdentifier>
      <Extensions>cpp;c;cc;cxx;def;odl;idl;hpj;bat;asm;asmx</Extensions>
    </Filter>
    <Filter Include="Header Files">
      <UniqueIdentifier>{93995380-89BD-4b04-88EB-625FBE52EBFB}</UniqueIdentifier>
      <Extensions>h;hh;hpp;hxx;hm;inl;inc;ipp;xsd</Extensions>
    </Filter>
    <Filter Include="Resource Files">
      <UniqueIdentifier>{67DA6AB6-F800-4c08-8B7A-83BB121AAD01}</UniqueIdentifier>
      <Extensions>rc;ico;cur;bmp;dlg;rc2;rct;bin;rgs;gif;jpg;jpeg;jpe;resx;tiff;tif;png;wav;mfcribbon-ms</Extensions>
    </Filter>
  </ItemGroup>
  <ItemGroup>
    <ClCompile Include="MeshLinkParser_xerces.cxx">
      <Filter>Source Files</Filter>
    </ClCompile>
    <ClCompile Include="MeshLinkParser_xerces_c.cxx">
      <Filter>Source Files</Filter>
    </ClCompile>
    <ClCompile Include="MeshLinkWriter_xerces.cxx">
      <Filter>Source Files</Filter>
    </ClCompile>
    <ClCompile Include="lzw.cpp">
      <Filter>Source Files</Filter>
    </ClCompile>
    <ClCompile Include="MeshLinkWriter_xerces_c.cxx">
      <Filter>Source Files</Filter>
    </ClCompile>
  </ItemGroup>
  <ItemGroup>
    <ClInclude Include="MeshLinkParser_xerces.h">
      <Filter>Header Files</Filter>
    </ClInclude>
    <ClInclude Include="MeshLinkParser_xerces_c.h">
      <Filter>Header Files</Filter>
    </ClInclude>
    <ClInclude Include="MeshLinkWriter_xerces.h">
      <Filter>Header Files</Filter>
    </ClInclude>
    <ClInclude Include="lzw.hpp">
      <Filter>Header Files</Filter>
    </ClInclude>
    <ClInclude Include="MeshLinkWriter_xerces_c.h">
      <Filter>Header Files</Filter>
    </ClInclude>
  </ItemGroup>

<!--

   This file is licensed under the Cadence Public License Version 1.0 (the
   "License"), a copy of which is found in the included file named "LICENSE",
   and is distributed "AS IS." TO THE MAXIMUM EXTENT PERMITTED BY APPLICABLE
   LAW, CADENCE DISCLAIMS ALL WARRANTIES AND IN NO EVENT SHALL BE LIABLE TO
   ANY PARTY FOR ANY DAMAGES ARISING OUT OF OR RELATING TO USE OF THIS FILE.
   Please see the License for the full text of applicable terms.

-->
</Project>
