
Microsoft Visual Studio Solution File, Format Version 12.00
# Visual Studio 15
VisualStudioVersion = 15.0.28307.168
MinimumVisualStudioVersion = 10.0.40219.1
Project("{8BC9CEB8-8B4A-11D0-8D11-00A0C91BC942}") = "meshlink", "meshlink\meshlink.vcxproj", "{3CA107E8-8299-4A58-AE2B-410D419FA12A}"
EndProject
Project("{8BC9CEB8-8B4A-11D0-8D11-00A0C91BC942}") = "mlparser_xerces", "mlparser_xerces\mlparser_xerces.vcxproj", "{E2ED1CBE-0BB5-4C7F-BA6D-001595E1DD67}"
	ProjectSection(ProjectDependencies) = postProject
		{3CA107E8-8299-4A58-AE2B-410D419FA12A} = {3CA107E8-8299-4A58-AE2B-410D419FA12A}
	EndProjectSection
EndProject
Project("{8BC9CEB8-8B4A-11D0-8D11-00A0C91BC942}") = "mlkernel_geode", "mlkernel_geode\mlkernel_geode.vcxproj", "{C46956BB-8289-4156-9EAA-C7D2362C427F}"
	ProjectSection(ProjectDependencies) = postProject
		{3CA107E8-8299-4A58-AE2B-410D419FA12A} = {3CA107E8-8299-4A58-AE2B-410D419FA12A}
	EndProjectSection
EndProject
Project("{8BC9CEB8-8B4A-11D0-8D11-00A0C91BC942}") = "harness_cpp", "..\app\harness_cpp\harness_cpp.vcxproj", "{27EEFDE8-5647-4BB9-B58B-E1FA1D9988FD}"
	ProjectSection(ProjectDependencies) = postProject
		{C46956BB-8289-4156-9EAA-C7D2362C427F} = {C46956BB-8289-4156-9EAA-C7D2362C427F}
		{E2ED1CBE-0BB5-4C7F-BA6D-001595E1DD67} = {E2ED1CBE-0BB5-4C7F-BA6D-001595E1DD67}
		{3CA107E8-8299-4A58-AE2B-410D419FA12A} = {3CA107E8-8299-4A58-AE2B-410D419FA12A}
	EndProjectSection
EndProject
Project("{8BC9CEB8-8B4A-11D0-8D11-00A0C91BC942}") = "harness_c", "..\app\harness_c\harness_c.vcxproj", "{DA46B62B-C689-41BC-8666-6FC3FD9D1C3E}"
	ProjectSection(ProjectDependencies) = postProject
		{C46956BB-8289-4156-9EAA-C7D2362C427F} = {C46956BB-8289-4156-9EAA-C7D2362C427F}
		{E2ED1CBE-0BB5-4C7F-BA6D-001595E1DD67} = {E2ED1CBE-0BB5-4C7F-BA6D-001595E1DD67}
		{3CA107E8-8299-4A58-AE2B-410D419FA12A} = {3CA107E8-8299-4A58-AE2B-410D419FA12A}
	EndProjectSection
EndProject
Project("{6989167D-11E4-40FE-8C1A-2192A86A7E90}") = "harness_f", "..\app\harness_f\harness_f.vfproj", "{32ACE185-2CC6-433D-BB61-030431E2811F}"
	ProjectSection(ProjectDependencies) = postProject
		{C46956BB-8289-4156-9EAA-C7D2362C427F} = {C46956BB-8289-4156-9EAA-C7D2362C427F}
		{E2ED1CBE-0BB5-4C7F-BA6D-001595E1DD67} = {E2ED1CBE-0BB5-4C7F-BA6D-001595E1DD67}
		{3CA107E8-8299-4A58-AE2B-410D419FA12A} = {3CA107E8-8299-4A58-AE2B-410D419FA12A}
	EndProjectSection
EndProject
Project("{8BC9CEB8-8B4A-11D0-8D11-00A0C91BC942}") = "refine_uns_cpp", "..\app\refine_uns_cpp\refine_uns_cpp.vcxproj", "{F9668BC6-CBEB-432A-8078-CB36F40AC175}"
	ProjectSection(ProjectDependencies) = postProject
		{E2ED1CBE-0BB5-4C7F-BA6D-001595E1DD67} = {E2ED1CBE-0BB5-4C7F-BA6D-001595E1DD67}
	EndProjectSection
EndProject
Project("{8BC9CEB8-8B4A-11D0-8D11-00A0C91BC942}") = "refine_str_cpp", "..\app\refine_str_cpp\refine_str_cpp.vcxproj", "{7404B9EB-D360-4F6E-B4B8-9DB193A0978C}"
	ProjectSection(ProjectDependencies) = postProject
		{E2ED1CBE-0BB5-4C7F-BA6D-001595E1DD67} = {E2ED1CBE-0BB5-4C7F-BA6D-001595E1DD67}
	EndProjectSection
EndProject
Global
	GlobalSection(SolutionConfigurationPlatforms) = preSolution
		GeodeTestDebug|Win32 = GeodeTestDebug|Win32
		GeodeTestDebug|x64 = GeodeTestDebug|x64
		GeodeTestRelease|Win32 = GeodeTestRelease|Win32
		GeodeTestRelease|x64 = GeodeTestRelease|x64
		Harness_f_Debug|Win32 = Harness_f_Debug|Win32
		Harness_f_Debug|x64 = Harness_f_Debug|x64
		Harness_f_Release|Win32 = Harness_f_Release|Win32
		Harness_f_Release|x64 = Harness_f_Release|x64
		LibraryDebug|Win32 = LibraryDebug|Win32
		LibraryDebug|x64 = LibraryDebug|x64
		LibraryRelease|Win32 = LibraryRelease|Win32
		LibraryRelease|x64 = LibraryRelease|x64
	EndGlobalSection
	GlobalSection(ProjectConfigurationPlatforms) = postSolution
		{3CA107E8-8299-4A58-AE2B-410D419FA12A}.GeodeTestDebug|Win32.ActiveCfg = Debug|Win32
		{3CA107E8-8299-4A58-AE2B-410D419FA12A}.GeodeTestDebug|Win32.Build.0 = Debug|Win32
		{3CA107E8-8299-4A58-AE2B-410D419FA12A}.GeodeTestDebug|x64.ActiveCfg = Debug|x64
		{3CA107E8-8299-4A58-AE2B-410D419FA12A}.GeodeTestDebug|x64.Build.0 = Debug|x64
		{3CA107E8-8299-4A58-AE2B-410D419FA12A}.GeodeTestRelease|Win32.ActiveCfg = Release|Win32
		{3CA107E8-8299-4A58-AE2B-410D419FA12A}.GeodeTestRelease|Win32.Build.0 = Release|Win32
		{3CA107E8-8299-4A58-AE2B-410D419FA12A}.GeodeTestRelease|x64.ActiveCfg = Release|x64
		{3CA107E8-8299-4A58-AE2B-410D419FA12A}.GeodeTestRelease|x64.Build.0 = Release|x64
		{3CA107E8-8299-4A58-AE2B-410D419FA12A}.Harness_f_Debug|Win32.ActiveCfg = Debug|Win32
		{3CA107E8-8299-4A58-AE2B-410D419FA12A}.Harness_f_Debug|Win32.Build.0 = Debug|Win32
		{3CA107E8-8299-4A58-AE2B-410D419FA12A}.Harness_f_Debug|x64.ActiveCfg = Debug|x64
		{3CA107E8-8299-4A58-AE2B-410D419FA12A}.Harness_f_Debug|x64.Build.0 = Debug|x64
		{3CA107E8-8299-4A58-AE2B-410D419FA12A}.Harness_f_Release|Win32.ActiveCfg = Release|Win32
		{3CA107E8-8299-4A58-AE2B-410D419FA12A}.Harness_f_Release|Win32.Build.0 = Release|Win32
		{3CA107E8-8299-4A58-AE2B-410D419FA12A}.Harness_f_Release|x64.ActiveCfg = Release|x64
		{3CA107E8-8299-4A58-AE2B-410D419FA12A}.Harness_f_Release|x64.Build.0 = Release|x64
		{3CA107E8-8299-4A58-AE2B-410D419FA12A}.LibraryDebug|Win32.ActiveCfg = Debug|Win32
		{3CA107E8-8299-4A58-AE2B-410D419FA12A}.LibraryDebug|Win32.Build.0 = Debug|Win32
		{3CA107E8-8299-4A58-AE2B-410D419FA12A}.LibraryDebug|x64.ActiveCfg = Debug|x64
		{3CA107E8-8299-4A58-AE2B-410D419FA12A}.LibraryDebug|x64.Build.0 = Debug|x64
		{3CA107E8-8299-4A58-AE2B-410D419FA12A}.LibraryRelease|Win32.ActiveCfg = Release|Win32
		{3CA107E8-8299-4A58-AE2B-410D419FA12A}.LibraryRelease|Win32.Build.0 = Release|Win32
		{3CA107E8-8299-4A58-AE2B-410D419FA12A}.LibraryRelease|x64.ActiveCfg = Release|x64
		{3CA107E8-8299-4A58-AE2B-410D419FA12A}.LibraryRelease|x64.Build.0 = Release|x64
		{E2ED1CBE-0BB5-4C7F-BA6D-001595E1DD67}.GeodeTestDebug|Win32.ActiveCfg = Debug|x64
		{E2ED1CBE-0BB5-4C7F-BA6D-001595E1DD67}.GeodeTestDebug|x64.ActiveCfg = Debug|x64
		{E2ED1CBE-0BB5-4C7F-BA6D-001595E1DD67}.GeodeTestDebug|x64.Build.0 = Debug|x64
		{E2ED1CBE-0BB5-4C7F-BA6D-001595E1DD67}.GeodeTestRelease|Win32.ActiveCfg = Release|x64
		{E2ED1CBE-0BB5-4C7F-BA6D-001595E1DD67}.GeodeTestRelease|x64.ActiveCfg = Release|x64
		{E2ED1CBE-0BB5-4C7F-BA6D-001595E1DD67}.GeodeTestRelease|x64.Build.0 = Release|x64
		{E2ED1CBE-0BB5-4C7F-BA6D-001595E1DD67}.Harness_f_Debug|Win32.ActiveCfg = Release|x64
		{E2ED1CBE-0BB5-4C7F-BA6D-001595E1DD67}.Harness_f_Debug|x64.ActiveCfg = Debug|x64
		{E2ED1CBE-0BB5-4C7F-BA6D-001595E1DD67}.Harness_f_Debug|x64.Build.0 = Debug|x64
		{E2ED1CBE-0BB5-4C7F-BA6D-001595E1DD67}.Harness_f_Release|Win32.ActiveCfg = Release|x64
		{E2ED1CBE-0BB5-4C7F-BA6D-001595E1DD67}.Harness_f_Release|x64.ActiveCfg = Release|x64
		{E2ED1CBE-0BB5-4C7F-BA6D-001595E1DD67}.Harness_f_Release|x64.Build.0 = Release|x64
		{E2ED1CBE-0BB5-4C7F-BA6D-001595E1DD67}.LibraryDebug|Win32.ActiveCfg = Release|x64
		{E2ED1CBE-0BB5-4C7F-BA6D-001595E1DD67}.LibraryDebug|x64.ActiveCfg = Debug|x64
		{E2ED1CBE-0BB5-4C7F-BA6D-001595E1DD67}.LibraryDebug|x64.Build.0 = Debug|x64
		{E2ED1CBE-0BB5-4C7F-BA6D-001595E1DD67}.LibraryRelease|Win32.ActiveCfg = Release|x64
		{E2ED1CBE-0BB5-4C7F-BA6D-001595E1DD67}.LibraryRelease|x64.ActiveCfg = Release|x64
		{E2ED1CBE-0BB5-4C7F-BA6D-001595E1DD67}.LibraryRelease|x64.Build.0 = Release|x64
		{C46956BB-8289-4156-9EAA-C7D2362C427F}.GeodeTestDebug|Win32.ActiveCfg = Debug|x64
		{C46956BB-8289-4156-9EAA-C7D2362C427F}.GeodeTestDebug|x64.ActiveCfg = Debug|x64
		{C46956BB-8289-4156-9EAA-C7D2362C427F}.GeodeTestDebug|x64.Build.0 = Debug|x64
		{C46956BB-8289-4156-9EAA-C7D2362C427F}.GeodeTestRelease|Win32.ActiveCfg = Release|x64
		{C46956BB-8289-4156-9EAA-C7D2362C427F}.GeodeTestRelease|x64.ActiveCfg = Release|x64
		{C46956BB-8289-4156-9EAA-C7D2362C427F}.GeodeTestRelease|x64.Build.0 = Release|x64
		{C46956BB-8289-4156-9EAA-C7D2362C427F}.Harness_f_Debug|Win32.ActiveCfg = Release|x64
		{C46956BB-8289-4156-9EAA-C7D2362C427F}.Harness_f_Debug|x64.ActiveCfg = Debug|x64
		{C46956BB-8289-4156-9EAA-C7D2362C427F}.Harness_f_Debug|x64.Build.0 = Debug|x64
		{C46956BB-8289-4156-9EAA-C7D2362C427F}.Harness_f_Release|Win32.ActiveCfg = Release|x64
		{C46956BB-8289-4156-9EAA-C7D2362C427F}.Harness_f_Release|x64.ActiveCfg = Release|x64
		{C46956BB-8289-4156-9EAA-C7D2362C427F}.Harness_f_Release|x64.Build.0 = Release|x64
		{C46956BB-8289-4156-9EAA-C7D2362C427F}.LibraryDebug|Win32.ActiveCfg = Release|x64
		{C46956BB-8289-4156-9EAA-C7D2362C427F}.LibraryDebug|x64.ActiveCfg = Debug|x64
		{C46956BB-8289-4156-9EAA-C7D2362C427F}.LibraryRelease|Win32.ActiveCfg = Release|x64
		{C46956BB-8289-4156-9EAA-C7D2362C427F}.LibraryRelease|x64.ActiveCfg = Release|x64
		{27EEFDE8-5647-4BB9-B58B-E1FA1D9988FD}.GeodeTestDebug|Win32.ActiveCfg = Debug|Win32
		{27EEFDE8-5647-4BB9-B58B-E1FA1D9988FD}.GeodeTestDebug|x64.ActiveCfg = Debug|x64
		{27EEFDE8-5647-4BB9-B58B-E1FA1D9988FD}.GeodeTestDebug|x64.Build.0 = Debug|x64
		{27EEFDE8-5647-4BB9-B58B-E1FA1D9988FD}.GeodeTestRelease|Win32.ActiveCfg = Release|Win32
		{27EEFDE8-5647-4BB9-B58B-E1FA1D9988FD}.GeodeTestRelease|x64.ActiveCfg = Release|x64
		{27EEFDE8-5647-4BB9-B58B-E1FA1D9988FD}.GeodeTestRelease|x64.Build.0 = Release|x64
		{27EEFDE8-5647-4BB9-B58B-E1FA1D9988FD}.Harness_f_Debug|Win32.ActiveCfg = Debug|Win32
		{27EEFDE8-5647-4BB9-B58B-E1FA1D9988FD}.Harness_f_Debug|x64.ActiveCfg = Debug|x64
		{27EEFDE8-5647-4BB9-B58B-E1FA1D9988FD}.Harness_f_Release|Win32.ActiveCfg = Release|Win32
		{27EEFDE8-5647-4BB9-B58B-E1FA1D9988FD}.Harness_f_Release|x64.ActiveCfg = Release|x64
		{27EEFDE8-5647-4BB9-B58B-E1FA1D9988FD}.LibraryDebug|Win32.ActiveCfg = Debug|Win32
		{27EEFDE8-5647-4BB9-B58B-E1FA1D9988FD}.LibraryDebug|x64.ActiveCfg = Debug|x64
		{27EEFDE8-5647-4BB9-B58B-E1FA1D9988FD}.LibraryRelease|Win32.ActiveCfg = Release|Win32
		{27EEFDE8-5647-4BB9-B58B-E1FA1D9988FD}.LibraryRelease|x64.ActiveCfg = Release|x64
		{DA46B62B-C689-41BC-8666-6FC3FD9D1C3E}.GeodeTestDebug|Win32.ActiveCfg = Debug|Win32
		{DA46B62B-C689-41BC-8666-6FC3FD9D1C3E}.GeodeTestDebug|Win32.Build.0 = Debug|Win32
		{DA46B62B-C689-41BC-8666-6FC3FD9D1C3E}.GeodeTestDebug|x64.ActiveCfg = Debug|x64
		{DA46B62B-C689-41BC-8666-6FC3FD9D1C3E}.GeodeTestDebug|x64.Build.0 = Debug|x64
		{DA46B62B-C689-41BC-8666-6FC3FD9D1C3E}.GeodeTestRelease|Win32.ActiveCfg = Release|Win32
		{DA46B62B-C689-41BC-8666-6FC3FD9D1C3E}.GeodeTestRelease|Win32.Build.0 = Release|Win32
		{DA46B62B-C689-41BC-8666-6FC3FD9D1C3E}.GeodeTestRelease|x64.ActiveCfg = Release|x64
		{DA46B62B-C689-41BC-8666-6FC3FD9D1C3E}.GeodeTestRelease|x64.Build.0 = Release|x64
		{DA46B62B-C689-41BC-8666-6FC3FD9D1C3E}.Harness_f_Debug|Win32.ActiveCfg = Debug|Win32
		{DA46B62B-C689-41BC-8666-6FC3FD9D1C3E}.Harness_f_Debug|x64.ActiveCfg = Debug|x64
		{DA46B62B-C689-41BC-8666-6FC3FD9D1C3E}.Harness_f_Release|Win32.ActiveCfg = Release|Win32
		{DA46B62B-C689-41BC-8666-6FC3FD9D1C3E}.Harness_f_Release|x64.ActiveCfg = Release|x64
		{DA46B62B-C689-41BC-8666-6FC3FD9D1C3E}.LibraryDebug|Win32.ActiveCfg = Debug|Win32
		{DA46B62B-C689-41BC-8666-6FC3FD9D1C3E}.LibraryDebug|x64.ActiveCfg = Debug|x64
		{DA46B62B-C689-41BC-8666-6FC3FD9D1C3E}.LibraryRelease|Win32.ActiveCfg = Release|Win32
		{DA46B62B-C689-41BC-8666-6FC3FD9D1C3E}.LibraryRelease|x64.ActiveCfg = Release|x64
		{32ACE185-2CC6-433D-BB61-030431E2811F}.GeodeTestDebug|Win32.ActiveCfg = Harness_f_Release|Win32
		{32ACE185-2CC6-433D-BB61-030431E2811F}.GeodeTestDebug|x64.ActiveCfg = Harness_f_Debug|x64
		{32ACE185-2CC6-433D-BB61-030431E2811F}.GeodeTestRelease|Win32.ActiveCfg = Harness_f_Release|Win32
		{32ACE185-2CC6-433D-BB61-030431E2811F}.GeodeTestRelease|x64.ActiveCfg = Harness_f_Release|x64
		{32ACE185-2CC6-433D-BB61-030431E2811F}.Harness_f_Debug|Win32.ActiveCfg = Harness_f_Release|Win32
		{32ACE185-2CC6-433D-BB61-030431E2811F}.Harness_f_Debug|Win32.Build.0 = Harness_f_Release|Win32
		{32ACE185-2CC6-433D-BB61-030431E2811F}.Harness_f_Debug|x64.ActiveCfg = Harness_f_Debug|x64
		{32ACE185-2CC6-433D-BB61-030431E2811F}.Harness_f_Release|Win32.ActiveCfg = Harness_f_Release|Win32
		{32ACE185-2CC6-433D-BB61-030431E2811F}.Harness_f_Release|Win32.Build.0 = Harness_f_Release|Win32
		{32ACE185-2CC6-433D-BB61-030431E2811F}.Harness_f_Release|x64.ActiveCfg = Harness_f_Release|x64
		{32ACE185-2CC6-433D-BB61-030431E2811F}.LibraryDebug|Win32.ActiveCfg = Harness_f_Release|Win32
		{32ACE185-2CC6-433D-BB61-030431E2811F}.LibraryDebug|x64.ActiveCfg = Harness_f_Release|x64
		{32ACE185-2CC6-433D-BB61-030431E2811F}.LibraryRelease|Win32.ActiveCfg = Harness_f_Release|Win32
		{32ACE185-2CC6-433D-BB61-030431E2811F}.LibraryRelease|x64.ActiveCfg = Harness_f_Release|x64
		{F9668BC6-CBEB-432A-8078-CB36F40AC175}.GeodeTestDebug|Win32.ActiveCfg = Debug|x64
		{F9668BC6-CBEB-432A-8078-CB36F40AC175}.GeodeTestDebug|x64.ActiveCfg = Debug|x64
		{F9668BC6-CBEB-432A-8078-CB36F40AC175}.GeodeTestDebug|x64.Build.0 = Debug|x64
		{F9668BC6-CBEB-432A-8078-CB36F40AC175}.GeodeTestRelease|Win32.ActiveCfg = Release|x64
		{F9668BC6-CBEB-432A-8078-CB36F40AC175}.GeodeTestRelease|x64.ActiveCfg = Release|x64
		{F9668BC6-CBEB-432A-8078-CB36F40AC175}.GeodeTestRelease|x64.Build.0 = Release|x64
		{F9668BC6-CBEB-432A-8078-CB36F40AC175}.Harness_f_Debug|Win32.ActiveCfg = Release|x64
		{F9668BC6-CBEB-432A-8078-CB36F40AC175}.Harness_f_Debug|x64.ActiveCfg = Debug|x64
		{F9668BC6-CBEB-432A-8078-CB36F40AC175}.Harness_f_Release|Win32.ActiveCfg = Release|x64
		{F9668BC6-CBEB-432A-8078-CB36F40AC175}.Harness_f_Release|x64.ActiveCfg = Release|x64
		{F9668BC6-CBEB-432A-8078-CB36F40AC175}.LibraryDebug|Win32.ActiveCfg = Release|x64
		{F9668BC6-CBEB-432A-8078-CB36F40AC175}.LibraryDebug|x64.ActiveCfg = Debug|x64
		{F9668BC6-CBEB-432A-8078-CB36F40AC175}.LibraryRelease|Win32.ActiveCfg = Release|x64
		{F9668BC6-CBEB-432A-8078-CB36F40AC175}.LibraryRelease|x64.ActiveCfg = Release|x64
		{7404B9EB-D360-4F6E-B4B8-9DB193A0978C}.GeodeTestDebug|Win32.ActiveCfg = Debug|Win32
		{7404B9EB-D360-4F6E-B4B8-9DB193A0978C}.GeodeTestDebug|x64.ActiveCfg = Debug|x64
		{7404B9EB-D360-4F6E-B4B8-9DB193A0978C}.GeodeTestDebug|x64.Build.0 = Debug|x64
		{7404B9EB-D360-4F6E-B4B8-9DB193A0978C}.GeodeTestRelease|Win32.ActiveCfg = Release|Win32
		{7404B9EB-D360-4F6E-B4B8-9DB193A0978C}.GeodeTestRelease|x64.ActiveCfg = Release|x64
		{7404B9EB-D360-4F6E-B4B8-9DB193A0978C}.GeodeTestRelease|x64.Build.0 = Release|x64
		{7404B9EB-D360-4F6E-B4B8-9DB193A0978C}.Harness_f_Debug|Win32.ActiveCfg = Debug|Win32
		{7404B9EB-D360-4F6E-B4B8-9DB193A0978C}.Harness_f_Debug|x64.ActiveCfg = Debug|x64
		{7404B9EB-D360-4F6E-B4B8-9DB193A0978C}.Harness_f_Release|Win32.ActiveCfg = Release|Win32
		{7404B9EB-D360-4F6E-B4B8-9DB193A0978C}.Harness_f_Release|x64.ActiveCfg = Release|x64
		{7404B9EB-D360-4F6E-B4B8-9DB193A0978C}.LibraryDebug|Win32.ActiveCfg = Debug|Win32
		{7404B9EB-D360-4F6E-B4B8-9DB193A0978C}.LibraryDebug|x64.ActiveCfg = Debug|x64
		{7404B9EB-D360-4F6E-B4B8-9DB193A0978C}.LibraryRelease|Win32.ActiveCfg = Release|Win32
		{7404B9EB-D360-4F6E-B4B8-9DB193A0978C}.LibraryRelease|x64.ActiveCfg = Release|x64
	EndGlobalSection
	GlobalSection(SolutionProperties) = preSolution
		HideSolutionNode = FALSE
	EndGlobalSection
	GlobalSection(ExtensibilityGlobals) = postSolution
		SolutionGuid = {E7EB6BBE-9F52-49F0-880A-90DAA8341F7B}
	EndGlobalSection
EndGlobal
