
Microsoft Visual Studio Solution File, Format Version 12.00
# Visual Studio 15
VisualStudioVersion = 15.0.28307.168
MinimumVisualStudioVersion = 10.0.40219.1
Project("{8BC9CEB8-8B4A-11D0-8D11-00A0C91BC942}") = "meshlink", "meshlink\meshlink.vcxproj", "{3CA107E8-8299-4A58-AE2B-410D419FA12A}"
EndProject
Project("{8BC9CEB8-8B4A-11D0-8D11-00A0C91BC942}") = "harness_cpp", "..\app\harness_cpp\harness_cpp.vcxproj", "{27EEFDE8-5647-4BB9-B58B-E1FA1D9988FD}"
	ProjectSection(ProjectDependencies) = postProject
		{C46956BB-8289-4156-9EAA-C7D2362C427F} = {C46956BB-8289-4156-9EAA-C7D2362C427F}
		{E2ED1CBE-0BB5-4C7F-BA6D-001595E1DD67} = {E2ED1CBE-0BB5-4C7F-BA6D-001595E1DD67}
		{3CA107E8-8299-4A58-AE2B-410D419FA12A} = {3CA107E8-8299-4A58-AE2B-410D419FA12A}
	EndProjectSection
EndProject
Project("{8BC9CEB8-8B4A-11D0-8D11-00A0C91BC942}") = "mlparser_xerces", "mlparser_xerces\mlparser_xerces.vcxproj", "{E2ED1CBE-0BB5-4C7F-BA6D-001595E1DD67}"
EndProject
Project("{8BC9CEB8-8B4A-11D0-8D11-00A0C91BC942}") = "mlkernel_geode", "mlkernel_geode\mlkernel_geode.vcxproj", "{C46956BB-8289-4156-9EAA-C7D2362C427F}"
EndProject
Project("{6989167D-11E4-40FE-8C1A-2192A86A7E90}") = "harness_f", "..\app\harness_f\harness_f.vfproj", "{32ACE185-2CC6-433D-BB61-030431E2811F}"
	ProjectSection(ProjectDependencies) = postProject
		{C46956BB-8289-4156-9EAA-C7D2362C427F} = {C46956BB-8289-4156-9EAA-C7D2362C427F}
		{E2ED1CBE-0BB5-4C7F-BA6D-001595E1DD67} = {E2ED1CBE-0BB5-4C7F-BA6D-001595E1DD67}
		{3CA107E8-8299-4A58-AE2B-410D419FA12A} = {3CA107E8-8299-4A58-AE2B-410D419FA12A}
	EndProjectSection
EndProject
Project("{8BC9CEB8-8B4A-11D0-8D11-00A0C91BC942}") = "refine_uns_cpp", "..\app\refine_uns_cpp\refine_uns_cpp.vcxproj", "{F9668BC6-CBEB-432A-8078-CB36F40AC175}"
EndProject
Project("{8BC9CEB8-8B4A-11D0-8D11-00A0C91BC942}") = "harness_c", "..\app\harness_c\harness_c.vcxproj", "{DA46B62B-C689-41BC-8666-6FC3FD9D1C3E}"
	ProjectSection(ProjectDependencies) = postProject
		{C46956BB-8289-4156-9EAA-C7D2362C427F} = {C46956BB-8289-4156-9EAA-C7D2362C427F}
		{E2ED1CBE-0BB5-4C7F-BA6D-001595E1DD67} = {E2ED1CBE-0BB5-4C7F-BA6D-001595E1DD67}
		{3CA107E8-8299-4A58-AE2B-410D419FA12A} = {3CA107E8-8299-4A58-AE2B-410D419FA12A}
	EndProjectSection
EndProject
Project("{8BC9CEB8-8B4A-11D0-8D11-00A0C91BC942}") = "meshlink_python", "SWIG\meshlink_python\meshlink_python.vcxproj", "{FE677CAA-250B-4DC6-95A9-1FAC38A77CF0}"
	ProjectSection(ProjectDependencies) = postProject
		{C46956BB-8289-4156-9EAA-C7D2362C427F} = {C46956BB-8289-4156-9EAA-C7D2362C427F}
		{E2ED1CBE-0BB5-4C7F-BA6D-001595E1DD67} = {E2ED1CBE-0BB5-4C7F-BA6D-001595E1DD67}
		{3CA107E8-8299-4A58-AE2B-410D419FA12A} = {3CA107E8-8299-4A58-AE2B-410D419FA12A}
	EndProjectSection
EndProject
Project("{8BC9CEB8-8B4A-11D0-8D11-00A0C91BC942}") = "refine_str_cpp", "..\app\refine_str_cpp\refine_str_cpp.vcxproj", "{7404B9EB-D360-4F6E-B4B8-9DB193A0978C}"
EndProject
Global
	GlobalSection(SolutionConfigurationPlatforms) = preSolution
		Debug|x64 = Debug|x64
		Debug|x86 = Debug|x86
		Harness_c_Debug|x64 = Harness_c_Debug|x64
		Harness_c_Debug|x86 = Harness_c_Debug|x86
		Harness_c_Release|x64 = Harness_c_Release|x64
		Harness_c_Release|x86 = Harness_c_Release|x86
		Harness_cpp_Debug|x64 = Harness_cpp_Debug|x64
		Harness_cpp_Debug|x86 = Harness_cpp_Debug|x86
		Harness_cpp_Release|x64 = Harness_cpp_Release|x64
		Harness_cpp_Release|x86 = Harness_cpp_Release|x86
		Harness_f_Debug|x64 = Harness_f_Debug|x64
		Harness_f_Debug|x86 = Harness_f_Debug|x86
		Harness_f_Release|x64 = Harness_f_Release|x64
		Harness_f_Release|x86 = Harness_f_Release|x86
		meshlink_python_Debug|x64 = meshlink_python_Debug|x64
		meshlink_python_Debug|x86 = meshlink_python_Debug|x86
		Refine_Str_Debug|x64 = Refine_Str_Debug|x64
		Refine_Str_Debug|x86 = Refine_Str_Debug|x86
		Refine_Str_Release|x64 = Refine_Str_Release|x64
		Refine_Str_Release|x86 = Refine_Str_Release|x86
		Refine_uns_cpp_Debug|x64 = Refine_uns_cpp_Debug|x64
		Refine_uns_cpp_Debug|x86 = Refine_uns_cpp_Debug|x86
		Refine_uns_cpp_Release|x64 = Refine_uns_cpp_Release|x64
		Refine_uns_cpp_Release|x86 = Refine_uns_cpp_Release|x86
		Release|x64 = Release|x64
		Release|x86 = Release|x86
	EndGlobalSection
	GlobalSection(ProjectConfigurationPlatforms) = postSolution
		{3CA107E8-8299-4A58-AE2B-410D419FA12A}.Debug|x64.ActiveCfg = Debug|x64
		{3CA107E8-8299-4A58-AE2B-410D419FA12A}.Debug|x64.Build.0 = Debug|x64
		{3CA107E8-8299-4A58-AE2B-410D419FA12A}.Debug|x86.ActiveCfg = Debug|Win32
		{3CA107E8-8299-4A58-AE2B-410D419FA12A}.Debug|x86.Build.0 = Debug|Win32
		{3CA107E8-8299-4A58-AE2B-410D419FA12A}.Harness_c_Debug|x64.ActiveCfg = Debug|x64
		{3CA107E8-8299-4A58-AE2B-410D419FA12A}.Harness_c_Debug|x64.Build.0 = Debug|x64
		{3CA107E8-8299-4A58-AE2B-410D419FA12A}.Harness_c_Debug|x86.ActiveCfg = Harness_cpp_Debug|Win32
		{3CA107E8-8299-4A58-AE2B-410D419FA12A}.Harness_c_Debug|x86.Build.0 = Harness_cpp_Debug|Win32
		{3CA107E8-8299-4A58-AE2B-410D419FA12A}.Harness_c_Release|x64.ActiveCfg = Release|x64
		{3CA107E8-8299-4A58-AE2B-410D419FA12A}.Harness_c_Release|x64.Build.0 = Release|x64
		{3CA107E8-8299-4A58-AE2B-410D419FA12A}.Harness_c_Release|x86.ActiveCfg = Harness_cpp_Release|Win32
		{3CA107E8-8299-4A58-AE2B-410D419FA12A}.Harness_c_Release|x86.Build.0 = Harness_cpp_Release|Win32
		{3CA107E8-8299-4A58-AE2B-410D419FA12A}.Harness_cpp_Debug|x64.ActiveCfg = Debug|x64
		{3CA107E8-8299-4A58-AE2B-410D419FA12A}.Harness_cpp_Debug|x64.Build.0 = Debug|x64
		{3CA107E8-8299-4A58-AE2B-410D419FA12A}.Harness_cpp_Debug|x86.ActiveCfg = Harness_cpp_Debug|Win32
		{3CA107E8-8299-4A58-AE2B-410D419FA12A}.Harness_cpp_Debug|x86.Build.0 = Harness_cpp_Debug|Win32
		{3CA107E8-8299-4A58-AE2B-410D419FA12A}.Harness_cpp_Release|x64.ActiveCfg = Release|x64
		{3CA107E8-8299-4A58-AE2B-410D419FA12A}.Harness_cpp_Release|x64.Build.0 = Release|x64
		{3CA107E8-8299-4A58-AE2B-410D419FA12A}.Harness_cpp_Release|x86.ActiveCfg = Harness_cpp_Release|Win32
		{3CA107E8-8299-4A58-AE2B-410D419FA12A}.Harness_cpp_Release|x86.Build.0 = Harness_cpp_Release|Win32
		{3CA107E8-8299-4A58-AE2B-410D419FA12A}.Harness_f_Debug|x64.ActiveCfg = Debug|x64
		{3CA107E8-8299-4A58-AE2B-410D419FA12A}.Harness_f_Debug|x64.Build.0 = Debug|x64
		{3CA107E8-8299-4A58-AE2B-410D419FA12A}.Harness_f_Debug|x86.ActiveCfg = Harness_c_Debug|Win32
		{3CA107E8-8299-4A58-AE2B-410D419FA12A}.Harness_f_Debug|x86.Build.0 = Harness_c_Debug|Win32
		{3CA107E8-8299-4A58-AE2B-410D419FA12A}.Harness_f_Release|x64.ActiveCfg = Release|x64
		{3CA107E8-8299-4A58-AE2B-410D419FA12A}.Harness_f_Release|x64.Build.0 = Release|x64
		{3CA107E8-8299-4A58-AE2B-410D419FA12A}.Harness_f_Release|x86.ActiveCfg = Harness_c_Debug|Win32
		{3CA107E8-8299-4A58-AE2B-410D419FA12A}.Harness_f_Release|x86.Build.0 = Harness_c_Debug|Win32
		{3CA107E8-8299-4A58-AE2B-410D419FA12A}.meshlink_python_Debug|x64.ActiveCfg = Debug|x64
		{3CA107E8-8299-4A58-AE2B-410D419FA12A}.meshlink_python_Debug|x64.Build.0 = Debug|x64
		{3CA107E8-8299-4A58-AE2B-410D419FA12A}.meshlink_python_Debug|x86.ActiveCfg = Harness_cpp_Debug|Win32
		{3CA107E8-8299-4A58-AE2B-410D419FA12A}.meshlink_python_Debug|x86.Build.0 = Harness_cpp_Debug|Win32
		{3CA107E8-8299-4A58-AE2B-410D419FA12A}.Refine_Str_Debug|x64.ActiveCfg = Debug|x64
		{3CA107E8-8299-4A58-AE2B-410D419FA12A}.Refine_Str_Debug|x64.Build.0 = Debug|x64
		{3CA107E8-8299-4A58-AE2B-410D419FA12A}.Refine_Str_Debug|x86.ActiveCfg = Harness_cpp_Debug|Win32
		{3CA107E8-8299-4A58-AE2B-410D419FA12A}.Refine_Str_Debug|x86.Build.0 = Harness_cpp_Debug|Win32
		{3CA107E8-8299-4A58-AE2B-410D419FA12A}.Refine_Str_Release|x64.ActiveCfg = Release|x64
		{3CA107E8-8299-4A58-AE2B-410D419FA12A}.Refine_Str_Release|x64.Build.0 = Release|x64
		{3CA107E8-8299-4A58-AE2B-410D419FA12A}.Refine_Str_Release|x86.ActiveCfg = Harness_cpp_Debug|Win32
		{3CA107E8-8299-4A58-AE2B-410D419FA12A}.Refine_Str_Release|x86.Build.0 = Harness_cpp_Debug|Win32
		{3CA107E8-8299-4A58-AE2B-410D419FA12A}.Refine_uns_cpp_Debug|x64.ActiveCfg = Debug|x64
		{3CA107E8-8299-4A58-AE2B-410D419FA12A}.Refine_uns_cpp_Debug|x64.Build.0 = Debug|x64
		{3CA107E8-8299-4A58-AE2B-410D419FA12A}.Refine_uns_cpp_Debug|x86.ActiveCfg = Debug|Win32
		{3CA107E8-8299-4A58-AE2B-410D419FA12A}.Refine_uns_cpp_Debug|x86.Build.0 = Debug|Win32
		{3CA107E8-8299-4A58-AE2B-410D419FA12A}.Refine_uns_cpp_Release|x64.ActiveCfg = Release|x64
		{3CA107E8-8299-4A58-AE2B-410D419FA12A}.Refine_uns_cpp_Release|x64.Build.0 = Release|x64
		{3CA107E8-8299-4A58-AE2B-410D419FA12A}.Refine_uns_cpp_Release|x86.ActiveCfg = Release|Win32
		{3CA107E8-8299-4A58-AE2B-410D419FA12A}.Refine_uns_cpp_Release|x86.Build.0 = Release|Win32
		{3CA107E8-8299-4A58-AE2B-410D419FA12A}.Release|x64.ActiveCfg = Release|x64
		{3CA107E8-8299-4A58-AE2B-410D419FA12A}.Release|x64.Build.0 = Release|x64
		{3CA107E8-8299-4A58-AE2B-410D419FA12A}.Release|x86.ActiveCfg = Release|Win32
		{3CA107E8-8299-4A58-AE2B-410D419FA12A}.Release|x86.Build.0 = Release|Win32
		{27EEFDE8-5647-4BB9-B58B-E1FA1D9988FD}.Debug|x64.ActiveCfg = Debug|x64
		{27EEFDE8-5647-4BB9-B58B-E1FA1D9988FD}.Debug|x86.ActiveCfg = Debug|Win32
		{27EEFDE8-5647-4BB9-B58B-E1FA1D9988FD}.Debug|x86.Build.0 = Debug|Win32
		{27EEFDE8-5647-4BB9-B58B-E1FA1D9988FD}.Harness_c_Debug|x64.ActiveCfg = Harness_cpp_Debug|x64
		{27EEFDE8-5647-4BB9-B58B-E1FA1D9988FD}.Harness_c_Debug|x86.ActiveCfg = Harness_cpp_Debug|Win32
		{27EEFDE8-5647-4BB9-B58B-E1FA1D9988FD}.Harness_c_Debug|x86.Build.0 = Harness_cpp_Debug|Win32
		{27EEFDE8-5647-4BB9-B58B-E1FA1D9988FD}.Harness_c_Release|x64.ActiveCfg = Harness_cpp_Release|x64
		{27EEFDE8-5647-4BB9-B58B-E1FA1D9988FD}.Harness_c_Release|x86.ActiveCfg = Harness_cpp_Release|Win32
		{27EEFDE8-5647-4BB9-B58B-E1FA1D9988FD}.Harness_c_Release|x86.Build.0 = Harness_cpp_Release|Win32
		{27EEFDE8-5647-4BB9-B58B-E1FA1D9988FD}.Harness_cpp_Debug|x64.ActiveCfg = Harness_cpp_Debug|x64
		{27EEFDE8-5647-4BB9-B58B-E1FA1D9988FD}.Harness_cpp_Debug|x64.Build.0 = Harness_cpp_Debug|x64
		{27EEFDE8-5647-4BB9-B58B-E1FA1D9988FD}.Harness_cpp_Debug|x86.ActiveCfg = Harness_cpp_Debug|Win32
		{27EEFDE8-5647-4BB9-B58B-E1FA1D9988FD}.Harness_cpp_Debug|x86.Build.0 = Harness_cpp_Debug|Win32
		{27EEFDE8-5647-4BB9-B58B-E1FA1D9988FD}.Harness_cpp_Release|x64.ActiveCfg = Harness_cpp_Release|x64
		{27EEFDE8-5647-4BB9-B58B-E1FA1D9988FD}.Harness_cpp_Release|x64.Build.0 = Harness_cpp_Release|x64
		{27EEFDE8-5647-4BB9-B58B-E1FA1D9988FD}.Harness_cpp_Release|x86.ActiveCfg = Harness_cpp_Release|Win32
		{27EEFDE8-5647-4BB9-B58B-E1FA1D9988FD}.Harness_cpp_Release|x86.Build.0 = Harness_cpp_Release|Win32
		{27EEFDE8-5647-4BB9-B58B-E1FA1D9988FD}.Harness_f_Debug|x64.ActiveCfg = Harness_cpp_Release|x64
		{27EEFDE8-5647-4BB9-B58B-E1FA1D9988FD}.Harness_f_Debug|x86.ActiveCfg = Harness_cpp_Release|Win32
		{27EEFDE8-5647-4BB9-B58B-E1FA1D9988FD}.Harness_f_Debug|x86.Build.0 = Harness_cpp_Release|Win32
		{27EEFDE8-5647-4BB9-B58B-E1FA1D9988FD}.Harness_f_Release|x64.ActiveCfg = Harness_cpp_Release|x64
		{27EEFDE8-5647-4BB9-B58B-E1FA1D9988FD}.Harness_f_Release|x86.ActiveCfg = Harness_cpp_Release|Win32
		{27EEFDE8-5647-4BB9-B58B-E1FA1D9988FD}.Harness_f_Release|x86.Build.0 = Harness_cpp_Release|Win32
		{27EEFDE8-5647-4BB9-B58B-E1FA1D9988FD}.meshlink_python_Debug|x64.ActiveCfg = Harness_cpp_Debug|x64
		{27EEFDE8-5647-4BB9-B58B-E1FA1D9988FD}.meshlink_python_Debug|x86.ActiveCfg = Harness_cpp_Debug|Win32
		{27EEFDE8-5647-4BB9-B58B-E1FA1D9988FD}.meshlink_python_Debug|x86.Build.0 = Harness_cpp_Debug|Win32
		{27EEFDE8-5647-4BB9-B58B-E1FA1D9988FD}.Refine_Str_Debug|x64.ActiveCfg = Harness_cpp_Debug|x64
		{27EEFDE8-5647-4BB9-B58B-E1FA1D9988FD}.Refine_Str_Debug|x86.ActiveCfg = Harness_cpp_Debug|Win32
		{27EEFDE8-5647-4BB9-B58B-E1FA1D9988FD}.Refine_Str_Debug|x86.Build.0 = Harness_cpp_Debug|Win32
		{27EEFDE8-5647-4BB9-B58B-E1FA1D9988FD}.Refine_Str_Release|x64.ActiveCfg = Harness_cpp_Debug|x64
		{27EEFDE8-5647-4BB9-B58B-E1FA1D9988FD}.Refine_Str_Release|x86.ActiveCfg = Harness_cpp_Debug|Win32
		{27EEFDE8-5647-4BB9-B58B-E1FA1D9988FD}.Refine_Str_Release|x86.Build.0 = Harness_cpp_Debug|Win32
		{27EEFDE8-5647-4BB9-B58B-E1FA1D9988FD}.Refine_uns_cpp_Debug|x64.ActiveCfg = Debug|x64
		{27EEFDE8-5647-4BB9-B58B-E1FA1D9988FD}.Refine_uns_cpp_Debug|x86.ActiveCfg = Debug|Win32
		{27EEFDE8-5647-4BB9-B58B-E1FA1D9988FD}.Refine_uns_cpp_Debug|x86.Build.0 = Debug|Win32
		{27EEFDE8-5647-4BB9-B58B-E1FA1D9988FD}.Refine_uns_cpp_Release|x64.ActiveCfg = Release|x64
		{27EEFDE8-5647-4BB9-B58B-E1FA1D9988FD}.Refine_uns_cpp_Release|x86.ActiveCfg = Release|Win32
		{27EEFDE8-5647-4BB9-B58B-E1FA1D9988FD}.Refine_uns_cpp_Release|x86.Build.0 = Release|Win32
		{27EEFDE8-5647-4BB9-B58B-E1FA1D9988FD}.Release|x64.ActiveCfg = Release|x64
		{27EEFDE8-5647-4BB9-B58B-E1FA1D9988FD}.Release|x86.ActiveCfg = Release|Win32
		{27EEFDE8-5647-4BB9-B58B-E1FA1D9988FD}.Release|x86.Build.0 = Release|Win32
		{E2ED1CBE-0BB5-4C7F-BA6D-001595E1DD67}.Debug|x64.ActiveCfg = Debug|x64
		{E2ED1CBE-0BB5-4C7F-BA6D-001595E1DD67}.Debug|x86.ActiveCfg = Debug|x64
		{E2ED1CBE-0BB5-4C7F-BA6D-001595E1DD67}.Harness_c_Debug|x64.ActiveCfg = Debug|x64
		{E2ED1CBE-0BB5-4C7F-BA6D-001595E1DD67}.Harness_c_Debug|x64.Build.0 = Debug|x64
		{E2ED1CBE-0BB5-4C7F-BA6D-001595E1DD67}.Harness_c_Debug|x86.ActiveCfg = Release|x64
		{E2ED1CBE-0BB5-4C7F-BA6D-001595E1DD67}.Harness_c_Debug|x86.Build.0 = Release|x64
		{E2ED1CBE-0BB5-4C7F-BA6D-001595E1DD67}.Harness_c_Release|x64.ActiveCfg = Release|x64
		{E2ED1CBE-0BB5-4C7F-BA6D-001595E1DD67}.Harness_c_Release|x64.Build.0 = Release|x64
		{E2ED1CBE-0BB5-4C7F-BA6D-001595E1DD67}.Harness_c_Release|x86.ActiveCfg = Release|x64
		{E2ED1CBE-0BB5-4C7F-BA6D-001595E1DD67}.Harness_c_Release|x86.Build.0 = Release|x64
		{E2ED1CBE-0BB5-4C7F-BA6D-001595E1DD67}.Harness_cpp_Debug|x64.ActiveCfg = Debug|x64
		{E2ED1CBE-0BB5-4C7F-BA6D-001595E1DD67}.Harness_cpp_Debug|x64.Build.0 = Debug|x64
		{E2ED1CBE-0BB5-4C7F-BA6D-001595E1DD67}.Harness_cpp_Debug|x86.ActiveCfg = Release|x64
		{E2ED1CBE-0BB5-4C7F-BA6D-001595E1DD67}.Harness_cpp_Debug|x86.Build.0 = Release|x64
		{E2ED1CBE-0BB5-4C7F-BA6D-001595E1DD67}.Harness_cpp_Release|x64.ActiveCfg = Release|x64
		{E2ED1CBE-0BB5-4C7F-BA6D-001595E1DD67}.Harness_cpp_Release|x64.Build.0 = Release|x64
		{E2ED1CBE-0BB5-4C7F-BA6D-001595E1DD67}.Harness_cpp_Release|x86.ActiveCfg = Release|x64
		{E2ED1CBE-0BB5-4C7F-BA6D-001595E1DD67}.Harness_cpp_Release|x86.Build.0 = Release|x64
		{E2ED1CBE-0BB5-4C7F-BA6D-001595E1DD67}.Harness_f_Debug|x64.ActiveCfg = Debug|x64
		{E2ED1CBE-0BB5-4C7F-BA6D-001595E1DD67}.Harness_f_Debug|x64.Build.0 = Debug|x64
		{E2ED1CBE-0BB5-4C7F-BA6D-001595E1DD67}.Harness_f_Debug|x86.ActiveCfg = Release|x64
		{E2ED1CBE-0BB5-4C7F-BA6D-001595E1DD67}.Harness_f_Debug|x86.Build.0 = Release|x64
		{E2ED1CBE-0BB5-4C7F-BA6D-001595E1DD67}.Harness_f_Release|x64.ActiveCfg = Release|x64
		{E2ED1CBE-0BB5-4C7F-BA6D-001595E1DD67}.Harness_f_Release|x64.Build.0 = Release|x64
		{E2ED1CBE-0BB5-4C7F-BA6D-001595E1DD67}.Harness_f_Release|x86.ActiveCfg = Release|x64
		{E2ED1CBE-0BB5-4C7F-BA6D-001595E1DD67}.Harness_f_Release|x86.Build.0 = Release|x64
		{E2ED1CBE-0BB5-4C7F-BA6D-001595E1DD67}.meshlink_python_Debug|x64.ActiveCfg = Debug|x64
		{E2ED1CBE-0BB5-4C7F-BA6D-001595E1DD67}.meshlink_python_Debug|x64.Build.0 = Debug|x64
		{E2ED1CBE-0BB5-4C7F-BA6D-001595E1DD67}.meshlink_python_Debug|x86.ActiveCfg = Release|x64
		{E2ED1CBE-0BB5-4C7F-BA6D-001595E1DD67}.meshlink_python_Debug|x86.Build.0 = Release|x64
		{E2ED1CBE-0BB5-4C7F-BA6D-001595E1DD67}.Refine_Str_Debug|x64.ActiveCfg = Debug|x64
		{E2ED1CBE-0BB5-4C7F-BA6D-001595E1DD67}.Refine_Str_Debug|x64.Build.0 = Debug|x64
		{E2ED1CBE-0BB5-4C7F-BA6D-001595E1DD67}.Refine_Str_Debug|x86.ActiveCfg = Release|x64
		{E2ED1CBE-0BB5-4C7F-BA6D-001595E1DD67}.Refine_Str_Debug|x86.Build.0 = Release|x64
		{E2ED1CBE-0BB5-4C7F-BA6D-001595E1DD67}.Refine_Str_Release|x64.ActiveCfg = Release|x64
		{E2ED1CBE-0BB5-4C7F-BA6D-001595E1DD67}.Refine_Str_Release|x64.Build.0 = Release|x64
		{E2ED1CBE-0BB5-4C7F-BA6D-001595E1DD67}.Refine_Str_Release|x86.ActiveCfg = Release|x64
		{E2ED1CBE-0BB5-4C7F-BA6D-001595E1DD67}.Refine_Str_Release|x86.Build.0 = Release|x64
		{E2ED1CBE-0BB5-4C7F-BA6D-001595E1DD67}.Refine_uns_cpp_Debug|x64.ActiveCfg = Debug|x64
		{E2ED1CBE-0BB5-4C7F-BA6D-001595E1DD67}.Refine_uns_cpp_Debug|x64.Build.0 = Debug|x64
		{E2ED1CBE-0BB5-4C7F-BA6D-001595E1DD67}.Refine_uns_cpp_Debug|x86.ActiveCfg = Release|x64
		{E2ED1CBE-0BB5-4C7F-BA6D-001595E1DD67}.Refine_uns_cpp_Debug|x86.Build.0 = Release|x64
		{E2ED1CBE-0BB5-4C7F-BA6D-001595E1DD67}.Refine_uns_cpp_Release|x64.ActiveCfg = Release|x64
		{E2ED1CBE-0BB5-4C7F-BA6D-001595E1DD67}.Refine_uns_cpp_Release|x64.Build.0 = Release|x64
		{E2ED1CBE-0BB5-4C7F-BA6D-001595E1DD67}.Refine_uns_cpp_Release|x86.ActiveCfg = Release|x64
		{E2ED1CBE-0BB5-4C7F-BA6D-001595E1DD67}.Refine_uns_cpp_Release|x86.Build.0 = Release|x64
		{E2ED1CBE-0BB5-4C7F-BA6D-001595E1DD67}.Release|x64.ActiveCfg = Release|x64
		{E2ED1CBE-0BB5-4C7F-BA6D-001595E1DD67}.Release|x86.ActiveCfg = Release|x64
		{C46956BB-8289-4156-9EAA-C7D2362C427F}.Debug|x64.ActiveCfg = Debug|x64
		{C46956BB-8289-4156-9EAA-C7D2362C427F}.Debug|x86.ActiveCfg = Debug|x64
		{C46956BB-8289-4156-9EAA-C7D2362C427F}.Harness_c_Debug|x64.ActiveCfg = Debug|x64
		{C46956BB-8289-4156-9EAA-C7D2362C427F}.Harness_c_Debug|x64.Build.0 = Debug|x64
		{C46956BB-8289-4156-9EAA-C7D2362C427F}.Harness_c_Debug|x86.ActiveCfg = Release|x64
		{C46956BB-8289-4156-9EAA-C7D2362C427F}.Harness_c_Debug|x86.Build.0 = Release|x64
		{C46956BB-8289-4156-9EAA-C7D2362C427F}.Harness_c_Release|x64.ActiveCfg = Release|x64
		{C46956BB-8289-4156-9EAA-C7D2362C427F}.Harness_c_Release|x64.Build.0 = Release|x64
		{C46956BB-8289-4156-9EAA-C7D2362C427F}.Harness_c_Release|x86.ActiveCfg = Release|x64
		{C46956BB-8289-4156-9EAA-C7D2362C427F}.Harness_c_Release|x86.Build.0 = Release|x64
		{C46956BB-8289-4156-9EAA-C7D2362C427F}.Harness_cpp_Debug|x64.ActiveCfg = Debug|x64
		{C46956BB-8289-4156-9EAA-C7D2362C427F}.Harness_cpp_Debug|x64.Build.0 = Debug|x64
		{C46956BB-8289-4156-9EAA-C7D2362C427F}.Harness_cpp_Debug|x86.ActiveCfg = Release|x64
		{C46956BB-8289-4156-9EAA-C7D2362C427F}.Harness_cpp_Debug|x86.Build.0 = Release|x64
		{C46956BB-8289-4156-9EAA-C7D2362C427F}.Harness_cpp_Release|x64.ActiveCfg = Release|x64
		{C46956BB-8289-4156-9EAA-C7D2362C427F}.Harness_cpp_Release|x64.Build.0 = Release|x64
		{C46956BB-8289-4156-9EAA-C7D2362C427F}.Harness_cpp_Release|x86.ActiveCfg = Release|x64
		{C46956BB-8289-4156-9EAA-C7D2362C427F}.Harness_cpp_Release|x86.Build.0 = Release|x64
		{C46956BB-8289-4156-9EAA-C7D2362C427F}.Harness_f_Debug|x64.ActiveCfg = Debug|x64
		{C46956BB-8289-4156-9EAA-C7D2362C427F}.Harness_f_Debug|x64.Build.0 = Debug|x64
		{C46956BB-8289-4156-9EAA-C7D2362C427F}.Harness_f_Debug|x86.ActiveCfg = Release|x64
		{C46956BB-8289-4156-9EAA-C7D2362C427F}.Harness_f_Debug|x86.Build.0 = Release|x64
		{C46956BB-8289-4156-9EAA-C7D2362C427F}.Harness_f_Release|x64.ActiveCfg = Release|x64
		{C46956BB-8289-4156-9EAA-C7D2362C427F}.Harness_f_Release|x64.Build.0 = Release|x64
		{C46956BB-8289-4156-9EAA-C7D2362C427F}.Harness_f_Release|x86.ActiveCfg = Release|x64
		{C46956BB-8289-4156-9EAA-C7D2362C427F}.Harness_f_Release|x86.Build.0 = Release|x64
		{C46956BB-8289-4156-9EAA-C7D2362C427F}.meshlink_python_Debug|x64.ActiveCfg = Debug|x64
		{C46956BB-8289-4156-9EAA-C7D2362C427F}.meshlink_python_Debug|x64.Build.0 = Debug|x64
		{C46956BB-8289-4156-9EAA-C7D2362C427F}.meshlink_python_Debug|x86.ActiveCfg = Release|x64
		{C46956BB-8289-4156-9EAA-C7D2362C427F}.meshlink_python_Debug|x86.Build.0 = Release|x64
		{C46956BB-8289-4156-9EAA-C7D2362C427F}.Refine_Str_Debug|x64.ActiveCfg = Debug|x64
		{C46956BB-8289-4156-9EAA-C7D2362C427F}.Refine_Str_Debug|x64.Build.0 = Debug|x64
		{C46956BB-8289-4156-9EAA-C7D2362C427F}.Refine_Str_Debug|x86.ActiveCfg = Release|x64
		{C46956BB-8289-4156-9EAA-C7D2362C427F}.Refine_Str_Debug|x86.Build.0 = Release|x64
		{C46956BB-8289-4156-9EAA-C7D2362C427F}.Refine_Str_Release|x64.ActiveCfg = Release|x64
		{C46956BB-8289-4156-9EAA-C7D2362C427F}.Refine_Str_Release|x64.Build.0 = Release|x64
		{C46956BB-8289-4156-9EAA-C7D2362C427F}.Refine_Str_Release|x86.ActiveCfg = Release|x64
		{C46956BB-8289-4156-9EAA-C7D2362C427F}.Refine_Str_Release|x86.Build.0 = Release|x64
		{C46956BB-8289-4156-9EAA-C7D2362C427F}.Refine_uns_cpp_Debug|x64.ActiveCfg = Debug|x64
		{C46956BB-8289-4156-9EAA-C7D2362C427F}.Refine_uns_cpp_Debug|x64.Build.0 = Debug|x64
		{C46956BB-8289-4156-9EAA-C7D2362C427F}.Refine_uns_cpp_Debug|x86.ActiveCfg = Release|x64
		{C46956BB-8289-4156-9EAA-C7D2362C427F}.Refine_uns_cpp_Debug|x86.Build.0 = Release|x64
		{C46956BB-8289-4156-9EAA-C7D2362C427F}.Refine_uns_cpp_Release|x64.ActiveCfg = Release|x64
		{C46956BB-8289-4156-9EAA-C7D2362C427F}.Refine_uns_cpp_Release|x64.Build.0 = Release|x64
		{C46956BB-8289-4156-9EAA-C7D2362C427F}.Refine_uns_cpp_Release|x86.ActiveCfg = Release|x64
		{C46956BB-8289-4156-9EAA-C7D2362C427F}.Refine_uns_cpp_Release|x86.Build.0 = Release|x64
		{C46956BB-8289-4156-9EAA-C7D2362C427F}.Release|x64.ActiveCfg = Release|x64
		{C46956BB-8289-4156-9EAA-C7D2362C427F}.Release|x86.ActiveCfg = Release|x64
		{32ACE185-2CC6-433D-BB61-030431E2811F}.Debug|x64.ActiveCfg = Harness_f_Debug|x64
		{32ACE185-2CC6-433D-BB61-030431E2811F}.Debug|x86.ActiveCfg = Harness_f_Release|x64
		{32ACE185-2CC6-433D-BB61-030431E2811F}.Debug|x86.Build.0 = Harness_f_Release|x64
		{32ACE185-2CC6-433D-BB61-030431E2811F}.Harness_c_Debug|x64.ActiveCfg = Harness_f_Release|x64
		{32ACE185-2CC6-433D-BB61-030431E2811F}.Harness_c_Debug|x86.ActiveCfg = Harness_f_Release|x64
		{32ACE185-2CC6-433D-BB61-030431E2811F}.Harness_c_Debug|x86.Build.0 = Harness_f_Release|x64
		{32ACE185-2CC6-433D-BB61-030431E2811F}.Harness_c_Release|x64.ActiveCfg = Harness_f_Release|x64
		{32ACE185-2CC6-433D-BB61-030431E2811F}.Harness_c_Release|x86.ActiveCfg = Harness_f_Release|x64
		{32ACE185-2CC6-433D-BB61-030431E2811F}.Harness_c_Release|x86.Build.0 = Harness_f_Release|x64
		{32ACE185-2CC6-433D-BB61-030431E2811F}.Harness_cpp_Debug|x64.ActiveCfg = Harness_f_Release|x64
		{32ACE185-2CC6-433D-BB61-030431E2811F}.Harness_cpp_Debug|x86.ActiveCfg = Harness_f_Release|x64
		{32ACE185-2CC6-433D-BB61-030431E2811F}.Harness_cpp_Debug|x86.Build.0 = Harness_f_Release|x64
		{32ACE185-2CC6-433D-BB61-030431E2811F}.Harness_cpp_Release|x64.ActiveCfg = Harness_f_Release|x64
		{32ACE185-2CC6-433D-BB61-030431E2811F}.Harness_cpp_Release|x86.ActiveCfg = Harness_f_Release|x64
		{32ACE185-2CC6-433D-BB61-030431E2811F}.Harness_cpp_Release|x86.Build.0 = Harness_f_Release|x64
		{32ACE185-2CC6-433D-BB61-030431E2811F}.Harness_f_Debug|x64.ActiveCfg = Harness_f_Debug|x64
		{32ACE185-2CC6-433D-BB61-030431E2811F}.Harness_f_Debug|x64.Build.0 = Harness_f_Debug|x64
		{32ACE185-2CC6-433D-BB61-030431E2811F}.Harness_f_Debug|x86.ActiveCfg = Harness_f_Debug|x64
		{32ACE185-2CC6-433D-BB61-030431E2811F}.Harness_f_Release|x64.ActiveCfg = Harness_f_Release|x64
		{32ACE185-2CC6-433D-BB61-030431E2811F}.Harness_f_Release|x64.Build.0 = Harness_f_Release|x64
		{32ACE185-2CC6-433D-BB61-030431E2811F}.Harness_f_Release|x86.ActiveCfg = Harness_f_Release|x64
		{32ACE185-2CC6-433D-BB61-030431E2811F}.meshlink_python_Debug|x64.ActiveCfg = Harness_f_Release|x64
		{32ACE185-2CC6-433D-BB61-030431E2811F}.meshlink_python_Debug|x86.ActiveCfg = Harness_f_Release|x64
		{32ACE185-2CC6-433D-BB61-030431E2811F}.meshlink_python_Debug|x86.Build.0 = Harness_f_Release|x64
		{32ACE185-2CC6-433D-BB61-030431E2811F}.Refine_Str_Debug|x64.ActiveCfg = Harness_f_Release|x64
		{32ACE185-2CC6-433D-BB61-030431E2811F}.Refine_Str_Debug|x86.ActiveCfg = Harness_f_Release|x64
		{32ACE185-2CC6-433D-BB61-030431E2811F}.Refine_Str_Debug|x86.Build.0 = Harness_f_Release|x64
		{32ACE185-2CC6-433D-BB61-030431E2811F}.Refine_Str_Release|x64.ActiveCfg = Harness_f_Release|x64
		{32ACE185-2CC6-433D-BB61-030431E2811F}.Refine_Str_Release|x86.ActiveCfg = Harness_f_Release|x64
		{32ACE185-2CC6-433D-BB61-030431E2811F}.Refine_Str_Release|x86.Build.0 = Harness_f_Release|x64
		{32ACE185-2CC6-433D-BB61-030431E2811F}.Refine_uns_cpp_Debug|x64.ActiveCfg = Harness_f_Release|x64
		{32ACE185-2CC6-433D-BB61-030431E2811F}.Refine_uns_cpp_Debug|x86.ActiveCfg = Harness_f_Release|x64
		{32ACE185-2CC6-433D-BB61-030431E2811F}.Refine_uns_cpp_Debug|x86.Build.0 = Harness_f_Release|x64
		{32ACE185-2CC6-433D-BB61-030431E2811F}.Refine_uns_cpp_Release|x64.ActiveCfg = Harness_f_Release|x64
		{32ACE185-2CC6-433D-BB61-030431E2811F}.Refine_uns_cpp_Release|x86.ActiveCfg = Harness_f_Release|x64
		{32ACE185-2CC6-433D-BB61-030431E2811F}.Refine_uns_cpp_Release|x86.Build.0 = Harness_f_Release|x64
		{32ACE185-2CC6-433D-BB61-030431E2811F}.Release|x64.ActiveCfg = Harness_f_Release|x64
		{32ACE185-2CC6-433D-BB61-030431E2811F}.Release|x86.ActiveCfg = Harness_f_Release|x64
		{32ACE185-2CC6-433D-BB61-030431E2811F}.Release|x86.Build.0 = Harness_f_Release|x64
		{F9668BC6-CBEB-432A-8078-CB36F40AC175}.Debug|x64.ActiveCfg = Refine_uns_cpp_Debug|x64
		{F9668BC6-CBEB-432A-8078-CB36F40AC175}.Debug|x86.ActiveCfg = Refine_uns_cpp_Release|x64
		{F9668BC6-CBEB-432A-8078-CB36F40AC175}.Debug|x86.Build.0 = Refine_uns_cpp_Release|x64
		{F9668BC6-CBEB-432A-8078-CB36F40AC175}.Harness_c_Debug|x64.ActiveCfg = Refine_uns_cpp_Release|x64
		{F9668BC6-CBEB-432A-8078-CB36F40AC175}.Harness_c_Debug|x86.ActiveCfg = Refine_uns_cpp_Release|x64
		{F9668BC6-CBEB-432A-8078-CB36F40AC175}.Harness_c_Debug|x86.Build.0 = Refine_uns_cpp_Release|x64
		{F9668BC6-CBEB-432A-8078-CB36F40AC175}.Harness_c_Release|x64.ActiveCfg = Refine_uns_cpp_Release|x64
		{F9668BC6-CBEB-432A-8078-CB36F40AC175}.Harness_c_Release|x86.ActiveCfg = Refine_uns_cpp_Release|x64
		{F9668BC6-CBEB-432A-8078-CB36F40AC175}.Harness_c_Release|x86.Build.0 = Refine_uns_cpp_Release|x64
		{F9668BC6-CBEB-432A-8078-CB36F40AC175}.Harness_cpp_Debug|x64.ActiveCfg = Refine_uns_cpp_Release|x64
		{F9668BC6-CBEB-432A-8078-CB36F40AC175}.Harness_cpp_Debug|x86.ActiveCfg = Refine_uns_cpp_Release|x64
		{F9668BC6-CBEB-432A-8078-CB36F40AC175}.Harness_cpp_Debug|x86.Build.0 = Refine_uns_cpp_Release|x64
		{F9668BC6-CBEB-432A-8078-CB36F40AC175}.Harness_cpp_Release|x64.ActiveCfg = Refine_uns_cpp_Release|x64
		{F9668BC6-CBEB-432A-8078-CB36F40AC175}.Harness_cpp_Release|x86.ActiveCfg = Refine_uns_cpp_Release|x64
		{F9668BC6-CBEB-432A-8078-CB36F40AC175}.Harness_cpp_Release|x86.Build.0 = Refine_uns_cpp_Release|x64
		{F9668BC6-CBEB-432A-8078-CB36F40AC175}.Harness_f_Debug|x64.ActiveCfg = Refine_uns_cpp_Release|x64
		{F9668BC6-CBEB-432A-8078-CB36F40AC175}.Harness_f_Debug|x86.ActiveCfg = Refine_uns_cpp_Release|x64
		{F9668BC6-CBEB-432A-8078-CB36F40AC175}.Harness_f_Debug|x86.Build.0 = Refine_uns_cpp_Release|x64
		{F9668BC6-CBEB-432A-8078-CB36F40AC175}.Harness_f_Release|x64.ActiveCfg = Refine_uns_cpp_Release|x64
		{F9668BC6-CBEB-432A-8078-CB36F40AC175}.Harness_f_Release|x86.ActiveCfg = Refine_uns_cpp_Release|x64
		{F9668BC6-CBEB-432A-8078-CB36F40AC175}.Harness_f_Release|x86.Build.0 = Refine_uns_cpp_Release|x64
		{F9668BC6-CBEB-432A-8078-CB36F40AC175}.meshlink_python_Debug|x64.ActiveCfg = Refine_uns_cpp_Release|x64
		{F9668BC6-CBEB-432A-8078-CB36F40AC175}.meshlink_python_Debug|x86.ActiveCfg = Refine_uns_cpp_Release|x64
		{F9668BC6-CBEB-432A-8078-CB36F40AC175}.meshlink_python_Debug|x86.Build.0 = Refine_uns_cpp_Release|x64
		{F9668BC6-CBEB-432A-8078-CB36F40AC175}.Refine_Str_Debug|x64.ActiveCfg = Refine_uns_cpp_Release|x64
		{F9668BC6-CBEB-432A-8078-CB36F40AC175}.Refine_Str_Debug|x86.ActiveCfg = Refine_uns_cpp_Release|x64
		{F9668BC6-CBEB-432A-8078-CB36F40AC175}.Refine_Str_Debug|x86.Build.0 = Refine_uns_cpp_Release|x64
		{F9668BC6-CBEB-432A-8078-CB36F40AC175}.Refine_Str_Release|x64.ActiveCfg = Refine_uns_cpp_Release|x64
		{F9668BC6-CBEB-432A-8078-CB36F40AC175}.Refine_Str_Release|x86.ActiveCfg = Refine_uns_cpp_Release|x64
		{F9668BC6-CBEB-432A-8078-CB36F40AC175}.Refine_Str_Release|x86.Build.0 = Refine_uns_cpp_Release|x64
		{F9668BC6-CBEB-432A-8078-CB36F40AC175}.Refine_uns_cpp_Debug|x64.ActiveCfg = Refine_uns_cpp_Debug|x64
		{F9668BC6-CBEB-432A-8078-CB36F40AC175}.Refine_uns_cpp_Debug|x64.Build.0 = Refine_uns_cpp_Debug|x64
		{F9668BC6-CBEB-432A-8078-CB36F40AC175}.Refine_uns_cpp_Debug|x86.ActiveCfg = Refine_uns_cpp_Debug|x64
		{F9668BC6-CBEB-432A-8078-CB36F40AC175}.Refine_uns_cpp_Release|x64.ActiveCfg = Refine_uns_cpp_Release|x64
		{F9668BC6-CBEB-432A-8078-CB36F40AC175}.Refine_uns_cpp_Release|x64.Build.0 = Refine_uns_cpp_Release|x64
		{F9668BC6-CBEB-432A-8078-CB36F40AC175}.Refine_uns_cpp_Release|x86.ActiveCfg = Refine_uns_cpp_Release|x64
		{F9668BC6-CBEB-432A-8078-CB36F40AC175}.Release|x64.ActiveCfg = Refine_uns_cpp_Release|x64
		{F9668BC6-CBEB-432A-8078-CB36F40AC175}.Release|x86.ActiveCfg = Refine_uns_cpp_Release|x64
		{F9668BC6-CBEB-432A-8078-CB36F40AC175}.Release|x86.Build.0 = Refine_uns_cpp_Release|x64
		{DA46B62B-C689-41BC-8666-6FC3FD9D1C3E}.Debug|x64.ActiveCfg = Debug|x64
		{DA46B62B-C689-41BC-8666-6FC3FD9D1C3E}.Debug|x86.ActiveCfg = Debug|Win32
		{DA46B62B-C689-41BC-8666-6FC3FD9D1C3E}.Debug|x86.Build.0 = Debug|Win32
		{DA46B62B-C689-41BC-8666-6FC3FD9D1C3E}.Harness_c_Debug|x64.ActiveCfg = Debug|x64
		{DA46B62B-C689-41BC-8666-6FC3FD9D1C3E}.Harness_c_Debug|x64.Build.0 = Debug|x64
		{DA46B62B-C689-41BC-8666-6FC3FD9D1C3E}.Harness_c_Debug|x86.ActiveCfg = Debug|Win32
		{DA46B62B-C689-41BC-8666-6FC3FD9D1C3E}.Harness_c_Debug|x86.Build.0 = Debug|Win32
		{DA46B62B-C689-41BC-8666-6FC3FD9D1C3E}.Harness_c_Release|x64.ActiveCfg = Release|x64
		{DA46B62B-C689-41BC-8666-6FC3FD9D1C3E}.Harness_c_Release|x64.Build.0 = Release|x64
		{DA46B62B-C689-41BC-8666-6FC3FD9D1C3E}.Harness_c_Release|x86.ActiveCfg = Release|Win32
		{DA46B62B-C689-41BC-8666-6FC3FD9D1C3E}.Harness_c_Release|x86.Build.0 = Release|Win32
		{DA46B62B-C689-41BC-8666-6FC3FD9D1C3E}.Harness_cpp_Debug|x64.ActiveCfg = Debug|x64
		{DA46B62B-C689-41BC-8666-6FC3FD9D1C3E}.Harness_cpp_Debug|x86.ActiveCfg = Debug|Win32
		{DA46B62B-C689-41BC-8666-6FC3FD9D1C3E}.Harness_cpp_Debug|x86.Build.0 = Debug|Win32
		{DA46B62B-C689-41BC-8666-6FC3FD9D1C3E}.Harness_cpp_Release|x64.ActiveCfg = Release|x64
		{DA46B62B-C689-41BC-8666-6FC3FD9D1C3E}.Harness_cpp_Release|x86.ActiveCfg = Release|Win32
		{DA46B62B-C689-41BC-8666-6FC3FD9D1C3E}.Harness_cpp_Release|x86.Build.0 = Release|Win32
		{DA46B62B-C689-41BC-8666-6FC3FD9D1C3E}.Harness_f_Debug|x64.ActiveCfg = Debug|x64
		{DA46B62B-C689-41BC-8666-6FC3FD9D1C3E}.Harness_f_Debug|x86.ActiveCfg = Debug|Win32
		{DA46B62B-C689-41BC-8666-6FC3FD9D1C3E}.Harness_f_Debug|x86.Build.0 = Debug|Win32
		{DA46B62B-C689-41BC-8666-6FC3FD9D1C3E}.Harness_f_Release|x64.ActiveCfg = Release|x64
		{DA46B62B-C689-41BC-8666-6FC3FD9D1C3E}.Harness_f_Release|x86.ActiveCfg = Release|Win32
		{DA46B62B-C689-41BC-8666-6FC3FD9D1C3E}.Harness_f_Release|x86.Build.0 = Release|Win32
		{DA46B62B-C689-41BC-8666-6FC3FD9D1C3E}.meshlink_python_Debug|x64.ActiveCfg = Debug|x64
		{DA46B62B-C689-41BC-8666-6FC3FD9D1C3E}.meshlink_python_Debug|x86.ActiveCfg = Debug|Win32
		{DA46B62B-C689-41BC-8666-6FC3FD9D1C3E}.meshlink_python_Debug|x86.Build.0 = Debug|Win32
		{DA46B62B-C689-41BC-8666-6FC3FD9D1C3E}.Refine_Str_Debug|x64.ActiveCfg = Debug|x64
		{DA46B62B-C689-41BC-8666-6FC3FD9D1C3E}.Refine_Str_Debug|x86.ActiveCfg = Debug|Win32
		{DA46B62B-C689-41BC-8666-6FC3FD9D1C3E}.Refine_Str_Debug|x86.Build.0 = Debug|Win32
		{DA46B62B-C689-41BC-8666-6FC3FD9D1C3E}.Refine_Str_Release|x64.ActiveCfg = Debug|x64
		{DA46B62B-C689-41BC-8666-6FC3FD9D1C3E}.Refine_Str_Release|x86.ActiveCfg = Debug|Win32
		{DA46B62B-C689-41BC-8666-6FC3FD9D1C3E}.Refine_Str_Release|x86.Build.0 = Debug|Win32
		{DA46B62B-C689-41BC-8666-6FC3FD9D1C3E}.Refine_uns_cpp_Debug|x64.ActiveCfg = Debug|x64
		{DA46B62B-C689-41BC-8666-6FC3FD9D1C3E}.Refine_uns_cpp_Debug|x86.ActiveCfg = Debug|Win32
		{DA46B62B-C689-41BC-8666-6FC3FD9D1C3E}.Refine_uns_cpp_Debug|x86.Build.0 = Debug|Win32
		{DA46B62B-C689-41BC-8666-6FC3FD9D1C3E}.Refine_uns_cpp_Release|x64.ActiveCfg = Release|x64
		{DA46B62B-C689-41BC-8666-6FC3FD9D1C3E}.Refine_uns_cpp_Release|x86.ActiveCfg = Release|Win32
		{DA46B62B-C689-41BC-8666-6FC3FD9D1C3E}.Refine_uns_cpp_Release|x86.Build.0 = Release|Win32
		{DA46B62B-C689-41BC-8666-6FC3FD9D1C3E}.Release|x64.ActiveCfg = Release|x64
		{DA46B62B-C689-41BC-8666-6FC3FD9D1C3E}.Release|x86.ActiveCfg = Release|Win32
		{DA46B62B-C689-41BC-8666-6FC3FD9D1C3E}.Release|x86.Build.0 = Release|Win32
		{FE677CAA-250B-4DC6-95A9-1FAC38A77CF0}.Debug|x64.ActiveCfg = Debug|x64
		{FE677CAA-250B-4DC6-95A9-1FAC38A77CF0}.Debug|x86.ActiveCfg = Debug|Win32
		{FE677CAA-250B-4DC6-95A9-1FAC38A77CF0}.Debug|x86.Build.0 = Debug|Win32
		{FE677CAA-250B-4DC6-95A9-1FAC38A77CF0}.Harness_c_Debug|x64.ActiveCfg = Debug|x64
		{FE677CAA-250B-4DC6-95A9-1FAC38A77CF0}.Harness_c_Debug|x86.ActiveCfg = Debug|Win32
		{FE677CAA-250B-4DC6-95A9-1FAC38A77CF0}.Harness_c_Debug|x86.Build.0 = Debug|Win32
		{FE677CAA-250B-4DC6-95A9-1FAC38A77CF0}.Harness_c_Release|x64.ActiveCfg = Release|x64
		{FE677CAA-250B-4DC6-95A9-1FAC38A77CF0}.Harness_c_Release|x86.ActiveCfg = Release|Win32
		{FE677CAA-250B-4DC6-95A9-1FAC38A77CF0}.Harness_c_Release|x86.Build.0 = Release|Win32
		{FE677CAA-250B-4DC6-95A9-1FAC38A77CF0}.Harness_cpp_Debug|x64.ActiveCfg = Debug|x64
		{FE677CAA-250B-4DC6-95A9-1FAC38A77CF0}.Harness_cpp_Debug|x86.ActiveCfg = Debug|Win32
		{FE677CAA-250B-4DC6-95A9-1FAC38A77CF0}.Harness_cpp_Debug|x86.Build.0 = Debug|Win32
		{FE677CAA-250B-4DC6-95A9-1FAC38A77CF0}.Harness_cpp_Release|x64.ActiveCfg = Release|x64
		{FE677CAA-250B-4DC6-95A9-1FAC38A77CF0}.Harness_cpp_Release|x86.ActiveCfg = Release|Win32
		{FE677CAA-250B-4DC6-95A9-1FAC38A77CF0}.Harness_cpp_Release|x86.Build.0 = Release|Win32
		{FE677CAA-250B-4DC6-95A9-1FAC38A77CF0}.Harness_f_Debug|x64.ActiveCfg = Debug|x64
		{FE677CAA-250B-4DC6-95A9-1FAC38A77CF0}.Harness_f_Debug|x86.ActiveCfg = Debug|Win32
		{FE677CAA-250B-4DC6-95A9-1FAC38A77CF0}.Harness_f_Debug|x86.Build.0 = Debug|Win32
		{FE677CAA-250B-4DC6-95A9-1FAC38A77CF0}.Harness_f_Release|x64.ActiveCfg = Release|x64
		{FE677CAA-250B-4DC6-95A9-1FAC38A77CF0}.Harness_f_Release|x86.ActiveCfg = Release|Win32
		{FE677CAA-250B-4DC6-95A9-1FAC38A77CF0}.Harness_f_Release|x86.Build.0 = Release|Win32
		{FE677CAA-250B-4DC6-95A9-1FAC38A77CF0}.meshlink_python_Debug|x64.ActiveCfg = Debug|x64
		{FE677CAA-250B-4DC6-95A9-1FAC38A77CF0}.meshlink_python_Debug|x64.Build.0 = Debug|x64
		{FE677CAA-250B-4DC6-95A9-1FAC38A77CF0}.meshlink_python_Debug|x86.ActiveCfg = Debug|Win32
		{FE677CAA-250B-4DC6-95A9-1FAC38A77CF0}.meshlink_python_Debug|x86.Build.0 = Debug|Win32
		{FE677CAA-250B-4DC6-95A9-1FAC38A77CF0}.Refine_Str_Debug|x64.ActiveCfg = Debug|x64
		{FE677CAA-250B-4DC6-95A9-1FAC38A77CF0}.Refine_Str_Debug|x86.ActiveCfg = Debug|Win32
		{FE677CAA-250B-4DC6-95A9-1FAC38A77CF0}.Refine_Str_Debug|x86.Build.0 = Debug|Win32
		{FE677CAA-250B-4DC6-95A9-1FAC38A77CF0}.Refine_Str_Release|x64.ActiveCfg = Release|x64
		{FE677CAA-250B-4DC6-95A9-1FAC38A77CF0}.Refine_Str_Release|x86.ActiveCfg = Debug|Win32
		{FE677CAA-250B-4DC6-95A9-1FAC38A77CF0}.Refine_Str_Release|x86.Build.0 = Debug|Win32
		{FE677CAA-250B-4DC6-95A9-1FAC38A77CF0}.Refine_uns_cpp_Debug|x64.ActiveCfg = Debug|x64
		{FE677CAA-250B-4DC6-95A9-1FAC38A77CF0}.Refine_uns_cpp_Debug|x86.ActiveCfg = Debug|Win32
		{FE677CAA-250B-4DC6-95A9-1FAC38A77CF0}.Refine_uns_cpp_Debug|x86.Build.0 = Debug|Win32
		{FE677CAA-250B-4DC6-95A9-1FAC38A77CF0}.Refine_uns_cpp_Release|x64.ActiveCfg = Release|x64
		{FE677CAA-250B-4DC6-95A9-1FAC38A77CF0}.Refine_uns_cpp_Release|x86.ActiveCfg = Release|Win32
		{FE677CAA-250B-4DC6-95A9-1FAC38A77CF0}.Refine_uns_cpp_Release|x86.Build.0 = Release|Win32
		{FE677CAA-250B-4DC6-95A9-1FAC38A77CF0}.Release|x64.ActiveCfg = Release|x64
		{FE677CAA-250B-4DC6-95A9-1FAC38A77CF0}.Release|x86.ActiveCfg = Release|Win32
		{FE677CAA-250B-4DC6-95A9-1FAC38A77CF0}.Release|x86.Build.0 = Release|Win32
		{7404B9EB-D360-4F6E-B4B8-9DB193A0978C}.Debug|x64.ActiveCfg = Debug|x64
		{7404B9EB-D360-4F6E-B4B8-9DB193A0978C}.Debug|x64.Build.0 = Debug|x64
		{7404B9EB-D360-4F6E-B4B8-9DB193A0978C}.Debug|x86.ActiveCfg = Debug|Win32
		{7404B9EB-D360-4F6E-B4B8-9DB193A0978C}.Debug|x86.Build.0 = Debug|Win32
		{7404B9EB-D360-4F6E-B4B8-9DB193A0978C}.Harness_c_Debug|x64.ActiveCfg = Debug|x64
		{7404B9EB-D360-4F6E-B4B8-9DB193A0978C}.Harness_c_Debug|x86.ActiveCfg = Debug|Win32
		{7404B9EB-D360-4F6E-B4B8-9DB193A0978C}.Harness_c_Debug|x86.Build.0 = Debug|Win32
		{7404B9EB-D360-4F6E-B4B8-9DB193A0978C}.Harness_c_Release|x64.ActiveCfg = Release|x64
		{7404B9EB-D360-4F6E-B4B8-9DB193A0978C}.Harness_c_Release|x86.ActiveCfg = Release|Win32
		{7404B9EB-D360-4F6E-B4B8-9DB193A0978C}.Harness_c_Release|x86.Build.0 = Release|Win32
		{7404B9EB-D360-4F6E-B4B8-9DB193A0978C}.Harness_cpp_Debug|x64.ActiveCfg = Debug|x64
		{7404B9EB-D360-4F6E-B4B8-9DB193A0978C}.Harness_cpp_Debug|x86.ActiveCfg = Debug|Win32
		{7404B9EB-D360-4F6E-B4B8-9DB193A0978C}.Harness_cpp_Debug|x86.Build.0 = Debug|Win32
		{7404B9EB-D360-4F6E-B4B8-9DB193A0978C}.Harness_cpp_Release|x64.ActiveCfg = Release|x64
		{7404B9EB-D360-4F6E-B4B8-9DB193A0978C}.Harness_cpp_Release|x86.ActiveCfg = Release|Win32
		{7404B9EB-D360-4F6E-B4B8-9DB193A0978C}.Harness_cpp_Release|x86.Build.0 = Release|Win32
		{7404B9EB-D360-4F6E-B4B8-9DB193A0978C}.Harness_f_Debug|x64.ActiveCfg = Debug|x64
		{7404B9EB-D360-4F6E-B4B8-9DB193A0978C}.Harness_f_Debug|x86.ActiveCfg = Debug|Win32
		{7404B9EB-D360-4F6E-B4B8-9DB193A0978C}.Harness_f_Debug|x86.Build.0 = Debug|Win32
		{7404B9EB-D360-4F6E-B4B8-9DB193A0978C}.Harness_f_Release|x64.ActiveCfg = Release|x64
		{7404B9EB-D360-4F6E-B4B8-9DB193A0978C}.Harness_f_Release|x86.ActiveCfg = Release|Win32
		{7404B9EB-D360-4F6E-B4B8-9DB193A0978C}.Harness_f_Release|x86.Build.0 = Release|Win32
		{7404B9EB-D360-4F6E-B4B8-9DB193A0978C}.meshlink_python_Debug|x64.ActiveCfg = Debug|x64
		{7404B9EB-D360-4F6E-B4B8-9DB193A0978C}.meshlink_python_Debug|x86.ActiveCfg = Debug|Win32
		{7404B9EB-D360-4F6E-B4B8-9DB193A0978C}.meshlink_python_Debug|x86.Build.0 = Debug|Win32
		{7404B9EB-D360-4F6E-B4B8-9DB193A0978C}.Refine_Str_Debug|x64.ActiveCfg = Debug|x64
		{7404B9EB-D360-4F6E-B4B8-9DB193A0978C}.Refine_Str_Debug|x64.Build.0 = Debug|x64
		{7404B9EB-D360-4F6E-B4B8-9DB193A0978C}.Refine_Str_Debug|x86.ActiveCfg = Debug|Win32
		{7404B9EB-D360-4F6E-B4B8-9DB193A0978C}.Refine_Str_Debug|x86.Build.0 = Debug|Win32
		{7404B9EB-D360-4F6E-B4B8-9DB193A0978C}.Refine_Str_Release|x64.ActiveCfg = Release|x64
		{7404B9EB-D360-4F6E-B4B8-9DB193A0978C}.Refine_Str_Release|x64.Build.0 = Release|x64
		{7404B9EB-D360-4F6E-B4B8-9DB193A0978C}.Refine_Str_Release|x86.ActiveCfg = Debug|Win32
		{7404B9EB-D360-4F6E-B4B8-9DB193A0978C}.Refine_Str_Release|x86.Build.0 = Debug|Win32
		{7404B9EB-D360-4F6E-B4B8-9DB193A0978C}.Refine_uns_cpp_Debug|x64.ActiveCfg = Debug|x64
		{7404B9EB-D360-4F6E-B4B8-9DB193A0978C}.Refine_uns_cpp_Debug|x86.ActiveCfg = Debug|Win32
		{7404B9EB-D360-4F6E-B4B8-9DB193A0978C}.Refine_uns_cpp_Debug|x86.Build.0 = Debug|Win32
		{7404B9EB-D360-4F6E-B4B8-9DB193A0978C}.Refine_uns_cpp_Release|x64.ActiveCfg = Release|x64
		{7404B9EB-D360-4F6E-B4B8-9DB193A0978C}.Refine_uns_cpp_Release|x86.ActiveCfg = Release|Win32
		{7404B9EB-D360-4F6E-B4B8-9DB193A0978C}.Refine_uns_cpp_Release|x86.Build.0 = Release|Win32
		{7404B9EB-D360-4F6E-B4B8-9DB193A0978C}.Release|x64.ActiveCfg = Release|x64
		{7404B9EB-D360-4F6E-B4B8-9DB193A0978C}.Release|x64.Build.0 = Release|x64
		{7404B9EB-D360-4F6E-B4B8-9DB193A0978C}.Release|x86.ActiveCfg = Release|Win32
		{7404B9EB-D360-4F6E-B4B8-9DB193A0978C}.Release|x86.Build.0 = Release|Win32
	EndGlobalSection
	GlobalSection(SolutionProperties) = preSolution
		HideSolutionNode = FALSE
	EndGlobalSection
	GlobalSection(ExtensibilityGlobals) = postSolution
		SolutionGuid = {E7EB6BBE-9F52-49F0-880A-90DAA8341F7B}
	EndGlobalSection
EndGlobal
